
Microsoft Visual Studio Solution File, Format Version 12.00
# TcXaeShell Solution File, Format Version 11.00
VisualStudioVersion = 15.0.33403.129
MinimumVisualStudioVersion = 10.0.40219.1
Project("{B1E792BE-AA5F-4E3C-8C82-674BF9C0715B}") = "PLC assignment project", "PLC assignment project\PLC assignment project.tsproj", "{6DA021B9-6579-41B1-8791-574A48B33B42}"
EndProject
Global
	GlobalSection(SolutionConfigurationPlatforms) = preSolution
		Debug|TwinCAT CE7 (ARMV7) = Debug|TwinCAT CE7 (ARMV7)
		Debug|TwinCAT OS (ARMT2) = Debug|TwinCAT OS (ARMT2)
		Debug|TwinCAT RT (x64) = Debug|TwinCAT RT (x64)
		Debug|TwinCAT RT (x86) = Debug|TwinCAT RT (x86)
		Release|TwinCAT CE7 (ARMV7) = Release|TwinCAT CE7 (ARMV7)
		Release|TwinCAT OS (ARMT2) = Release|TwinCAT OS (ARMT2)
		Release|TwinCAT RT (x64) = Release|TwinCAT RT (x64)
		Release|TwinCAT RT (x86) = Release|TwinCAT RT (x86)
	EndGlobalSection
	GlobalSection(ProjectConfigurationPlatforms) = postSolution
		{6DA021B9-6579-41B1-8791-574A48B33B42}.Debug|TwinCAT CE7 (ARMV7).ActiveCfg = Debug|TwinCAT CE7 (ARMV7)
		{6DA021B9-6579-41B1-8791-574A48B33B42}.Debug|TwinCAT CE7 (ARMV7).Build.0 = Debug|TwinCAT CE7 (ARMV7)
		{6DA021B9-6579-41B1-8791-574A48B33B42}.Debug|TwinCAT OS (ARMT2).ActiveCfg = Debug|TwinCAT OS (ARMT2)
		{6DA021B9-6579-41B1-8791-574A48B33B42}.Debug|TwinCAT OS (ARMT2).Build.0 = Debug|TwinCAT OS (ARMT2)
		{6DA021B9-6579-41B1-8791-574A48B33B42}.Debug|TwinCAT RT (x64).ActiveCfg = Debug|TwinCAT RT (x64)
		{6DA021B9-6579-41B1-8791-574A48B33B42}.Debug|TwinCAT RT (x64).Build.0 = Debug|TwinCAT RT (x64)
		{6DA021B9-6579-41B1-8791-574A48B33B42}.Debug|TwinCAT RT (x86).ActiveCfg = Debug|TwinCAT RT (x86)
		{6DA021B9-6579-41B1-8791-574A48B33B42}.Debug|TwinCAT RT (x86).Build.0 = Debug|TwinCAT RT (x86)
		{6DA021B9-6579-41B1-8791-574A48B33B42}.Release|TwinCAT CE7 (ARMV7).ActiveCfg = Release|TwinCAT CE7 (ARMV7)
		{6DA021B9-6579-41B1-8791-574A48B33B42}.Release|TwinCAT CE7 (ARMV7).Build.0 = Release|TwinCAT CE7 (ARMV7)
		{6DA021B9-6579-41B1-8791-574A48B33B42}.Release|TwinCAT OS (ARMT2).ActiveCfg = Release|TwinCAT OS (ARMT2)
		{6DA021B9-6579-41B1-8791-574A48B33B42}.Release|TwinCAT OS (ARMT2).Build.0 = Release|TwinCAT OS (ARMT2)
		{6DA021B9-6579-41B1-8791-574A48B33B42}.Release|TwinCAT RT (x64).ActiveCfg = Release|TwinCAT RT (x64)
		{6DA021B9-6579-41B1-8791-574A48B33B42}.Release|TwinCAT RT (x64).Build.0 = Release|TwinCAT RT (x64)
		{6DA021B9-6579-41B1-8791-574A48B33B42}.Release|TwinCAT RT (x86).ActiveCfg = Release|TwinCAT RT (x86)
		{6DA021B9-6579-41B1-8791-574A48B33B42}.Release|TwinCAT RT (x86).Build.0 = Release|TwinCAT RT (x86)
		{62C1EA3E-3E02-4971-83AE-83F8CB955C4E}.Debug|TwinCAT CE7 (ARMV7).ActiveCfg = Debug|TwinCAT CE7 (ARMV7)
		{62C1EA3E-3E02-4971-83AE-83F8CB955C4E}.Debug|TwinCAT CE7 (ARMV7).Build.0 = Debug|TwinCAT CE7 (ARMV7)
		{62C1EA3E-3E02-4971-83AE-83F8CB955C4E}.Debug|TwinCAT OS (ARMT2).ActiveCfg = Debug|TwinCAT OS (ARMT2)
		{62C1EA3E-3E02-4971-83AE-83F8CB955C4E}.Debug|TwinCAT OS (ARMT2).Build.0 = Debug|TwinCAT OS (ARMT2)
		{62C1EA3E-3E02-4971-83AE-83F8CB955C4E}.Debug|TwinCAT RT (x64).ActiveCfg = Debug|TwinCAT RT (x64)
		{62C1EA3E-3E02-4971-83AE-83F8CB955C4E}.Debug|TwinCAT RT (x64).Build.0 = Debug|TwinCAT RT (x64)
		{62C1EA3E-3E02-4971-83AE-83F8CB955C4E}.Debug|TwinCAT RT (x86).ActiveCfg = Debug|TwinCAT RT (x86)
		{62C1EA3E-3E02-4971-83AE-83F8CB955C4E}.Debug|TwinCAT RT (x86).Build.0 = Debug|TwinCAT RT (x86)
		{62C1EA3E-3E02-4971-83AE-83F8CB955C4E}.Release|TwinCAT CE7 (ARMV7).ActiveCfg = Release|TwinCAT CE7 (ARMV7)
		{62C1EA3E-3E02-4971-83AE-83F8CB955C4E}.Release|TwinCAT CE7 (ARMV7).Build.0 = Release|TwinCAT CE7 (ARMV7)
		{62C1EA3E-3E02-4971-83AE-83F8CB955C4E}.Release|TwinCAT OS (ARMT2).ActiveCfg = Release|TwinCAT OS (ARMT2)
		{62C1EA3E-3E02-4971-83AE-83F8CB955C4E}.Release|TwinCAT OS (ARMT2).Build.0 = Release|TwinCAT OS (ARMT2)
		{62C1EA3E-3E02-4971-83AE-83F8CB955C4E}.Release|TwinCAT RT (x64).ActiveCfg = Release|TwinCAT RT (x64)
		{62C1EA3E-3E02-4971-83AE-83F8CB955C4E}.Release|TwinCAT RT (x64).Build.0 = Release|TwinCAT RT (x64)
		{62C1EA3E-3E02-4971-83AE-83F8CB955C4E}.Release|TwinCAT RT (x86).ActiveCfg = Release|TwinCAT RT (x86)
		{62C1EA3E-3E02-4971-83AE-83F8CB955C4E}.Release|TwinCAT RT (x86).Build.0 = Release|TwinCAT RT (x86)
	EndGlobalSection
	GlobalSection(SolutionProperties) = preSolution
		HideSolutionNode = FALSE
	EndGlobalSection
	GlobalSection(ExtensibilityGlobals) = postSolution
		SolutionGuid = {FF22BB18-90BF-4011-A25B-5204DB173D90}
	EndGlobalSection
EndGlobal
